
Microsoft Visual Studio Solution File, Format Version 12.00
# Visual Studio Version 17
VisualStudioVersion = 17.7.34009.444
MinimumVisualStudioVersion = 10.0.40219.1
Project("{FAE04EC0-301F-11D3-BF4B-00C04F79EFBC}") = "count_word_sentence", "count_word_sentence\count_word_sentence.csproj", "{AA9FB3D7-77E4-4516-8627-F87F7E3A25F4}"
EndProject
Global
	GlobalSection(SolutionConfigurationPlatforms) = preSolution
		Debug|Any CPU = Debug|Any CPU
		Release|Any CPU = Release|Any CPU
	EndGlobalSection
	GlobalSection(ProjectConfigurationPlatforms) = postSolution
		{AA9FB3D7-77E4-4516-8627-F87F7E3A25F4}.Debug|Any CPU.ActiveCfg = Debug|Any CPU
		{AA9FB3D7-77E4-4516-8627-F87F7E3A25F4}.Debug|Any CPU.Build.0 = Debug|Any CPU
		{AA9FB3D7-77E4-4516-8627-F87F7E3A25F4}.Release|Any CPU.ActiveCfg = Release|Any CPU
		{AA9FB3D7-77E4-4516-8627-F87F7E3A25F4}.Release|Any CPU.Build.0 = Release|Any CPU
	EndGlobalSection
	GlobalSection(SolutionProperties) = preSolution
		HideSolutionNode = FALSE
	EndGlobalSection
	GlobalSection(ExtensibilityGlobals) = postSolution
		SolutionGuid = {BE636267-6301-4FA4-8857-405E5929E5DF}
	EndGlobalSection
EndGlobal
